<?xml version="1.0" encoding="utf-8"?>
<Project ToolsVersion="4.0" xmlns="http://schemas.microsoft.com/developer/msbuild/2003">
  <ItemGroup>
    <Filter Include="Source Files">
      <UniqueIdentifier>{4FC737F1-C7A5-4376-A066-2A32D752A2FF}</UniqueIdentifier>
      <Extensions>cpp;c;cc;cxx;def;odl;idl;hpj;bat;asm;asmx</Extensions>
    </Filter>
    <Filter Include="Header Files">
      <UniqueIdentifier>{93995380-89BD-4b04-88EB-625FBE52EBFB}</UniqueIdentifier>
      <Extensions>h;hh;hpp;hxx;hm;inl;inc;ipp;xsd</Extensions>
    </Filter>
    <Filter Include="Resource Files">
      <UniqueIdentifier>{67DA6AB6-F800-4c08-8B7A-83BB121AAD01}</UniqueIdentifier>
      <Extensions>rc;ico;cur;bmp;dlg;rc2;rct;bin;rgs;gif;jpg;jpeg;jpe;resx;tiff;tif;png;wav;mfcribbon-ms</Extensions>
    </Filter>
  </ItemGroup>
  <ItemGroup>
    <ClCompile Include="Source\Factory\CommandFactory.cpp">
      <Filter>Source Files</Filter>
    </ClCompile>
    <ClCompile Include="Source\Command\CreateDirectoryCommand.cpp">
      <Filter>Source Files</Filter>
    </ClCompile>
    <ClCompile Include="Source\Command\DeleteFileCommand.cpp">
      <Filter>Source Files</Filter>
    </ClCompile>
    <ClCompile Include="Source\Command\DownloadFileCommand.cpp">
      <Filter>Source Files</Filter>
    </ClCompile>
    <ClCompile Include="Source\Command\RenameFileCommand.cpp">
      <Filter>Source Files</Filter>
    </ClCompile>
    <ClCompile Include="Source\Command\UploadFileCommand.cpp">
      <Filter>Source Files</Filter>
    </ClCompile>
    <ClCompile Include="Main.cpp">
      <Filter>Source Files</Filter>
    </ClCompile>
    <ClCompile Include="Source\Server\Server.cpp">
      <Filter>Source Files</Filter>
    </ClCompile>
    <ClCompile Include="Source\Server\Connection.cpp">
      <Filter>Source Files</Filter>
    </ClCompile>
    <ClCompile Include="Source\Command\QuitCommand.cpp">
      <Filter>Source Files</Filter>
    </ClCompile>
    <ClCompile Include="Source\Command\InfoCommand.cpp">
      <Filter>Source Files</Filter>
    </ClCompile>
    <ClCompile Include="Source\File\FileService.cpp">
      <Filter>Source Files</Filter>
    </ClCompile>
    <ClCompile Include="Source\File\File.cpp">
      <Filter>Source Files</Filter>
    </ClCompile>
    <ClCompile Include="Source\Command\DirCommand.cpp">
      <Filter>Source Files</Filter>
    </ClCompile>
  </ItemGroup>
  <ItemGroup>
    <ClInclude Include="Header\Command\AbstractCommand.h">
      <Filter>Header Files</Filter>
    </ClInclude>
    <ClInclude Include="Header\Factory\CommandFactory.h">
      <Filter>Header Files</Filter>
    </ClInclude>
    <ClInclude Include="Header\Command\CreateDirectoryCommand.h">
      <Filter>Header Files</Filter>
    </ClInclude>
    <ClInclude Include="Header\Command\DeleteFileCommand.h">
      <Filter>Header Files</Filter>
    </ClInclude>
    <ClInclude Include="Header\Command\DownloadFileCommand.h">
      <Filter>Header Files</Filter>
    </ClInclude>
    <ClInclude Include="Header\Command\RenameFileCommand.h">
      <Filter>Header Files</Filter>
    </ClInclude>
    <ClInclude Include="Header\Command\UploadFileCommand.h">
      <Filter>Header Files</Filter>
    </ClInclude>
    <ClInclude Include="Header\Server\Server.h">
      <Filter>Header Files</Filter>
    </ClInclude>
    <ClInclude Include="Header\Server\Connection.h">
      <Filter>Header Files</Filter>
    </ClInclude>
    <ClInclude Include="Header\Command\QuitCommand.h">
      <Filter>Header Files</Filter>
    </ClInclude>
    <ClInclude Include="Header\Command\InfoCommand.h">
      <Filter>Header Files</Filter>
    </ClInclude>
    <ClInclude Include="Header\File\FileService.h">
      <Filter>Header Files</Filter>
    </ClInclude>
    <ClInclude Include="Header\File\File.h">
      <Filter>Header Files</Filter>
    </ClInclude>
    <ClInclude Include="Header\Command\DirCommand.h">
      <Filter>Header Files</Filter>
    </ClInclude>
  </ItemGroup>
</Project>